// !$*UTF8*$!
{
	archiveVersion = 1;
	classes = {
	};
	objectVersion = 48;
	objects = {

/* Begin PBXBuildFile section */
		CC5B19BE201499E3005BF079 /* AppDelegate.swift in Sources */ = {isa = PBXBuildFile; fileRef = CC5B19BD201499E3005BF079 /* AppDelegate.swift */; };
		CC5B19C0201499E3005BF079 /* ViewController.swift in Sources */ = {isa = PBXBuildFile; fileRef = CC5B19BF201499E3005BF079 /* ViewController.swift */; };
		CC5B19C3201499E3005BF079 /* Main.storyboard in Resources */ = {isa = PBXBuildFile; fileRef = CC5B19C1201499E3005BF079 /* Main.storyboard */; };
		CC5B19C5201499E3005BF079 /* Assets.xcassets in Resources */ = {isa = PBXBuildFile; fileRef = CC5B19C4201499E3005BF079 /* Assets.xcassets */; };
		CC5B19C8201499E3005BF079 /* LaunchScreen.storyboard in Resources */ = {isa = PBXBuildFile; fileRef = CC5B19C6201499E3005BF079 /* LaunchScreen.storyboard */; };
		CC5B19D020149B52005BF079 /* TableViewController.swift in Sources */ = {isa = PBXBuildFile; fileRef = CC5B19CF20149B52005BF079 /* TableViewController.swift */; };
		CC5B19D420149F7F005BF079 /* Mary.jpg in Resources */ = {isa = PBXBuildFile; fileRef = CC5B19D120149F7F005BF079 /* Mary.jpg */; };
		CC5B19D520149F7F005BF079 /* Rose.jpg in Resources */ = {isa = PBXBuildFile; fileRef = CC5B19D220149F7F005BF079 /* Rose.jpg */; };
		CC5B19D620149F7F005BF079 /* Jane.jpg in Resources */ = {isa = PBXBuildFile; fileRef = CC5B19D320149F7F005BF079 /* Jane.jpg */; };
/* End PBXBuildFile section */

/* Begin PBXFileReference section */
		CC5B19BA201499E3005BF079 /* funTable.app */ = {isa = PBXFileReference; explicitFileType = wrapper.application; includeInIndex = 0; path = funTable.app; sourceTree = BUILT_PRODUCTS_DIR; };
		CC5B19BD201499E3005BF079 /* AppDelegate.swift */ = {isa = PBXFileReference; lastKnownFileType = sourcecode.swift; path = AppDelegate.swift; sourceTree = "<group>"; };
		CC5B19BF201499E3005BF079 /* ViewController.swift */ = {isa = PBXFileReference; lastKnownFileType = sourcecode.swift; path = ViewController.swift; sourceTree = "<group>"; };
		CC5B19C2201499E3005BF079 /* Base */ = {isa = PBXFileReference; lastKnownFileType = file.storyboard; name = Base; path = Base.lproj/Main.storyboard; sourceTree = "<group>"; };
		CC5B19C4201499E3005BF079 /* Assets.xcassets */ = {isa = PBXFileReference; lastKnownFileType = folder.assetcatalog; path = Assets.xcassets; sourceTree = "<group>"; };
		CC5B19C7201499E3005BF079 /* Base */ = {isa = PBXFileReference; lastKnownFileType = file.storyboard; name = Base; path = Base.lproj/LaunchScreen.storyboard; sourceTree = "<group>"; };
		CC5B19C9201499E3005BF079 /* Info.plist */ = {isa = PBXFileReference; lastKnownFileType = text.plist.xml; path = Info.plist; sourceTree = "<group>"; };
		CC5B19CF20149B52005BF079 /* TableViewController.swift */ = {isa = PBXFileReference; lastKnownFileType = sourcecode.swift; path = TableViewController.swift; sourceTree = "<group>"; };
		CC5B19D120149F7F005BF079 /* Mary.jpg */ = {isa = PBXFileReference; lastKnownFileType = image.jpeg; name = Mary.jpg; path = ../../../Downloads/Mary.jpg; sourceTree = "<group>"; };
		CC5B19D220149F7F005BF079 /* Rose.jpg */ = {isa = PBXFileReference; lastKnownFileType = image.jpeg; name = Rose.jpg; path = ../../../Downloads/Rose.jpg; sourceTree = "<group>"; };
		CC5B19D320149F7F005BF079 /* Jane.jpg */ = {isa = PBXFileReference; lastKnownFileType = image.jpeg; name = Jane.jpg; path = ../../../Downloads/Jane.jpg; sourceTree = "<group>"; };
/* End PBXFileReference section */

/* Begin PBXFrameworksBuildPhase section */
		CC5B19B7201499E3005BF079 /* Frameworks */ = {
			isa = PBXFrameworksBuildPhase;
			buildActionMask = 2147483647;
			files = (
			);
			runOnlyForDeploymentPostprocessing = 0;
		};
/* End PBXFrameworksBuildPhase section */

/* Begin PBXGroup section */
		CC5B19B1201499E3005BF079 = {
			isa = PBXGroup;
			children = (
				CC5B19BC201499E3005BF079 /* funTable */,
				CC5B19BB201499E3005BF079 /* Products */,
			);
			sourceTree = "<group>";
		};
		CC5B19BB201499E3005BF079 /* Products */ = {
			isa = PBXGroup;
			children = (
				CC5B19BA201499E3005BF079 /* funTable.app */,
			);
			name = Products;
			sourceTree = "<group>";
		};
		CC5B19BC201499E3005BF079 /* funTable */ = {
			isa = PBXGroup;
			children = (
				CC5B19BD201499E3005BF079 /* AppDelegate.swift */,
				CC5B19BF201499E3005BF079 /* ViewController.swift */,
				CC5B19CF20149B52005BF079 /* TableViewController.swift */,
				CC5B19C1201499E3005BF079 /* Main.storyboard */,
				CC5B19C4201499E3005BF079 /* Assets.xcassets */,
				CC5B19D320149F7F005BF079 /* Jane.jpg */,
				CC5B19D120149F7F005BF079 /* Mary.jpg */,
				CC5B19D220149F7F005BF079 /* Rose.jpg */,
				CC5B19C6201499E3005BF079 /* LaunchScreen.storyboard */,
				CC5B19C9201499E3005BF079 /* Info.plist */,
			);
			path = funTable;
			sourceTree = "<group>";
		};
/* End PBXGroup section */

/* Begin PBXNativeTarget section */
		CC5B19B9201499E3005BF079 /* funTable */ = {
			isa = PBXNativeTarget;
			buildConfigurationList = CC5B19CC201499E3005BF079 /* Build configuration list for PBXNativeTarget "funTable" */;
			buildPhases = (
				CC5B19B6201499E3005BF079 /* Sources */,
				CC5B19B7201499E3005BF079 /* Frameworks */,
				CC5B19B8201499E3005BF079 /* Resources */,
			);
			buildRules = (
			);
			dependencies = (
			);
			name = funTable;
			productName = funTable;
			productReference = CC5B19BA201499E3005BF079 /* funTable.app */;
			productType = "com.apple.product-type.application";
		};
/* End PBXNativeTarget section */

/* Begin PBXProject section */
		CC5B19B2201499E3005BF079 /* Project object */ = {
			isa = PBXProject;
			attributes = {
				LastSwiftUpdateCheck = 0920;
				LastUpgradeCheck = 0920;
				ORGANIZATIONNAME = "罗浙庆";
				TargetAttributes = {
					CC5B19B9201499E3005BF079 = {
						CreatedOnToolsVersion = 9.2;
						ProvisioningStyle = Automatic;
					};
				};
			};
			buildConfigurationList = CC5B19B5201499E3005BF079 /* Build configuration list for PBXProject "funTable" */;
			compatibilityVersion = "Xcode 8.0";
			developmentRegion = en;
			hasScannedForEncodings = 0;
			knownRegions = (
				en,
				Base,
			);
			mainGroup = CC5B19B1201499E3005BF079;
			productRefGroup = CC5B19BB201499E3005BF079 /* Products */;
			projectDirPath = "";
			projectRoot = "";
			targets = (
				CC5B19B9201499E3005BF079 /* funTable */,
			);
		};
/* End PBXProject section */

/* Begin PBXResourcesBuildPhase section */
		CC5B19B8201499E3005BF079 /* Resources */ = {
			isa = PBXResourcesBuildPhase;
			buildActionMask = 2147483647;
			files = (
				CC5B19D420149F7F005BF079 /* Mary.jpg in Resources */,
				CC5B19C8201499E3005BF079 /* LaunchScreen.storyboard in Resources */,
				CC5B19D520149F7F005BF079 /* Rose.jpg in Resources */,
				CC5B19C5201499E3005BF079 /* Assets.xcassets in Resources */,
				CC5B19C3201499E3005BF079 /* Main.storyboard in Resources */,
				CC5B19D620149F7F005BF079 /* Jane.jpg in Resources */,
			);
			runOnlyForDeploymentPostprocessing = 0;
		};
/* End PBXResourcesBuildPhase section */

/* Begin PBXSourcesBuildPhase section */
		CC5B19B6201499E3005BF079 /* Sources */ = {
			isa = PBXSourcesBuildPhase;
			buildActionMask = 2147483647;
			files = (
				CC5B19C0201499E3005BF079 /* ViewController.swift in Sources */,
				CC5B19D020149B52005BF079 /* TableViewController.swift in Sources */,
				CC5B19BE201499E3005BF079 /* AppDelegate.swift in Sources */,
			);
			runOnlyForDeploymentPostprocessing = 0;
		};
/* End PBXSourcesBuildPhase section */

/* Begin PBXVariantGroup section */
		CC5B19C1201499E3005BF079 /* Main.storyboard */ = {
			isa = PBXVariantGroup;
			children = (
				CC5B19C2201499E3005BF079 /* Base */,
			);
			name = Main.storyboard;
			sourceTree = "<group>";
		};
		CC5B19C6201499E3005BF079 /* LaunchScreen.storyboard */ = {
			isa = PBXVariantGroup;
			children = (
				CC5B19C7201499E3005BF079 /* Base */,
			);
			name = LaunchScreen.storyboard;
			sourceTree = "<group>";
		};
/* End PBXVariantGroup section */

/* Begin XCBuildConfiguration section */
		CC5B19CA201499E3005BF079 /* Debug */ = {
			isa = XCBuildConfiguration;
			buildSettings = {
				ALWAYS_SEARCH_USER_PATHS = NO;
				CLANG_ANALYZER_NONNULL = YES;
				CLANG_ANALYZER_NUMBER_OBJECT_CONVERSION = YES_AGGRESSIVE;
				CLANG_CXX_LANGUAGE_STANDARD = "gnu++14";
				CLANG_CXX_LIBRARY = "libc++";
				CLANG_ENABLE_MODULES = YES;
				CLANG_ENABLE_OBJC_ARC = YES;
				CLANG_WARN_BLOCK_CAPTURE_AUTORELEASING = YES;
				CLANG_WARN_BOOL_CONVERSION = YES;
				CLANG_WARN_COMMA = YES;
				CLANG_WARN_CONSTANT_CONVERSION = YES;
				CLANG_WARN_DIRECT_OBJC_ISA_USAGE = YES_ERROR;
				CLANG_WARN_DOCUMENTATION_COMMENTS = YES;
				CLANG_WARN_EMPTY_BODY = YES;
				CLANG_WARN_ENUM_CONVERSION = YES;
				CLANG_WARN_INFINITE_RECURSION = YES;
				CLANG_WARN_INT_CONVERSION = YES;
				CLANG_WARN_NON_LITERAL_NULL_CONVERSION = YES;
				CLANG_WARN_OBJC_LITERAL_CONVERSION = YES;
				CLANG_WARN_OBJC_ROOT_CLASS = YES_ERROR;
				CLANG_WARN_RANGE_LOOP_ANALYSIS = YES;
				CLANG_WARN_STRICT_PROTOTYPES = YES;
				CLANG_WARN_SUSPICIOUS_MOVE = YES;
				CLANG_WARN_UNGUARDED_AVAILABILITY = YES_AGGRESSIVE;
				CLANG_WARN_UNREACHABLE_CODE = YES;
				CLANG_WARN__DUPLICATE_METHOD_MATCH = YES;
				CODE_SIGN_IDENTITY = "iPhone Developer";
				COPY_PHASE_STRIP = NO;
				DEBUG_INFORMATION_FORMAT = dwarf;
				ENABLE_STRICT_OBJC_MSGSEND = YES;
				ENABLE_TESTABILITY = YES;
				GCC_C_LANGUAGE_STANDARD = gnu11;
				GCC_DYNAMIC_NO_PIC = NO;
				GCC_NO_COMMON_BLOCKS = YES;
				GCC_OPTIMIZATION_LEVEL = 0;
				GCC_PREPROCESSOR_DEFINITIONS = (
					"DEBUG=1",
					"$(inherited)",
				);
				GCC_WARN_64_TO_32_BIT_CONVERSION = YES;
				GCC_WARN_ABOUT_RETURN_TYPE = YES_ERROR;
				GCC_WARN_UNDECLARED_SELECTOR = YES;
				GCC_WARN_UNINITIALIZED_AUTOS = YES_AGGRESSIVE;
				GCC_WARN_UNUSED_FUNCTION = YES;
				GCC_WARN_UNUSED_VARIABLE = YES;
				IPHONEOS_DEPLOYMENT_TARGET = 11.2;
				MTL_ENABLE_DEBUG_INFO = YES;
				ONLY_ACTIVE_ARCH = YES;
				SDKROOT = iphoneos;
				SWIFT_ACTIVE_COMPILATION_CONDITIONS = DEBUG;
				SWIFT_OPTIMIZATION_LEVEL = "-Onone";
			};
			name = Debug;
		};
		CC5B19CB201499E3005BF079 /* Release */ = {
			isa = XCBuildConfiguration;
			buildSettings = {
				ALWAYS_SEARCH_USER_PATHS = NO;
				CLANG_ANALYZER_NONNULL = YES;
				CLANG_ANALYZER_NUMBER_OBJECT_CONVERSION = YES_AGGRESSIVE;
				CLANG_CXX_LANGUAGE_STANDARD = "gnu++14";
				CLANG_CXX_LIBRARY = "libc++";
				CLANG_ENABLE_MODULES = YES;
				CLANG_ENABLE_OBJC_ARC = YES;
				CLANG_WARN_BLOCK_CAPTURE_AUTORELEASING = YES;
				CLANG_WARN_BOOL_CONVERSION = YES;
				CLANG_WARN_COMMA = YES;
				CLANG_WARN_CONSTANT_CONVERSION = YES;
				CLANG_WARN_DIRECT_OBJC_ISA_USAGE = YES_ERROR;
				CLANG_WARN_DOCUMENTATION_COMMENTS = YES;
				CLANG_WARN_EMPTY_BODY = YES;
				CLANG_WARN_ENUM_CONVERSION = YES;
				CLANG_WARN_INFINITE_RECURSION = YES;
				CLANG_WARN_INT_CONVERSION = YES;
				CLANG_WARN_NON_LITERAL_NULL_CONVERSION = YES;
				CLANG_WARN_OBJC_LITERAL_CONVERSION = YES;
				CLANG_WARN_OBJC_ROOT_CLASS = YES_ERROR;
				CLANG_WARN_RANGE_LOOP_ANALYSIS = YES;
				CLANG_WARN_STRICT_PROTOTYPES = YES;
				CLANG_WARN_SUSPICIOUS_MOVE = YES;
				CLANG_WARN_UNGUARDED_AVAILABILITY = YES_AGGRESSIVE;
				CLANG_WARN_UNREACHABLE_CODE = YES;
				CLANG_WARN__DUPLICATE_METHOD_MATCH = YES;
				CODE_SIGN_IDENTITY = "iPhone Developer";
				COPY_PHASE_STRIP = NO;
				DEBUG_INFORMATION_FORMAT = "dwarf-with-dsym";
				ENABLE_NS_ASSERTIONS = NO;
				ENABLE_STRICT_OBJC_MSGSEND = YES;
				GCC_C_LANGUAGE_STANDARD = gnu11;
				GCC_NO_COMMON_BLOCKS = YES;
				GCC_WARN_64_TO_32_BIT_CONVERSION = YES;
				GCC_WARN_ABOUT_RETURN_TYPE = YES_ERROR;
				GCC_WARN_UNDECLARED_SELECTOR = YES;
				GCC_WARN_UNINITIALIZED_AUTOS = YES_AGGRESSIVE;
				GCC_WARN_UNUSED_FUNCTION = YES;
				GCC_WARN_UNUSED_VARIABLE = YES;
				IPHONEOS_DEPLOYMENT_TARGET = 11.2;
				MTL_ENABLE_DEBUG_INFO = NO;
				SDKROOT = iphoneos;
				SWIFT_OPTIMIZATION_LEVEL = "-Owholemodule";
				VALIDATE_PRODUCT = YES;
			};
			name = Release;
		};
		CC5B19CD201499E3005BF079 /* Debug */ = {
			isa = XCBuildConfiguration;
			buildSettings = {
				ASSETCATALOG_COMPILER_APPICON_NAME = AppIcon;
				CODE_SIGN_STYLE = Automatic;
				DEVELOPMENT_TEAM = 8X5Y9BRLHA;
				INFOPLIST_FILE = funTable/Info.plist;
				LD_RUNPATH_SEARCH_PATHS = "$(inherited) @executable_path/Frameworks";
				PRODUCT_BUNDLE_IDENTIFIER = com.zjtzlqlzq.funTable;
				PRODUCT_NAME = "$(TARGET_NAME)";
				SWIFT_VERSION = 4.0;
				TARGETED_DEVICE_FAMILY = "1,2";
			};
			name = Debug;
		};
		CC5B19CE201499E3005BF079 /* Release */ = {
			isa = XCBuildConfiguration;
			buildSettings = {
				ASSETCATALOG_COMPILER_APPICON_NAME = AppIcon;
				CODE_SIGN_STYLE = Automatic;
				DEVELOPMENT_TEAM = 8X5Y9BRLHA;
				INFOPLIST_FILE = funTable/Info.plist;
				LD_RUNPATH_SEARCH_PATHS = "$(inherited) @executable_path/Frameworks";
				PRODUCT_BUNDLE_IDENTIFIER = com.zjtzlqlzq.funTable;
				PRODUCT_NAME = "$(TARGET_NAME)";
				SWIFT_VERSION = 4.0;
				TARGETED_DEVICE_FAMILY = "1,2";
			};
			name = Release;
		};
/* End XCBuildConfiguration section */

/* Begin XCConfigurationList section */
		CC5B19B5201499E3005BF079 /* Build configuration list for PBXProject "funTable" */ = {
			isa = XCConfigurationList;
			buildConfigurations = (
				CC5B19CA201499E3005BF079 /* Debug */,
				CC5B19CB201499E3005BF079 /* Release */,
			);
			defaultConfigurationIsVisible = 0;
			defaultConfigurationName = Release;
		};
		CC5B19CC201499E3005BF079 /* Build configuration list for PBXNativeTarget "funTable" */ = {
			isa = XCConfigurationList;
			buildConfigurations = (
				CC5B19CD201499E3005BF079 /* Debug */,
				CC5B19CE201499E3005BF079 /* Release */,
			);
			defaultConfigurationIsVisible = 0;
			defaultConfigurationName = Release;
		};
/* End XCConfigurationList section */
	};
	rootObject = CC5B19B2201499E3005BF079 /* Project object */;
}
